<Solution>
  <Project Path="IndependentSolver/IndependentSolver.csproj" />
  <Project Path="Solver.Cli/Solver.Cli.csproj" />
  <Project Path="Verification/Verification.csproj" />
  <Project Path="Verification/V42Reference/V42Reference.csproj" />
  <Project Path="Verification/ConsumerSmoke/ConsumerSmoke.csproj" />
</Solution>
